<?xml version="1.0" encoding="utf-8" standalone="yes"?>
<Project ToolsVersion="4.0" xmlns="http://schemas.microsoft.com/developer/msbuild/2003">
  <ItemGroup>
    <Filter Include="Sources">
      <UniqueIdentifier>{21895B69-DE91-7035-0000-0000CA90681B}</UniqueIdentifier>
    </Filter>
    <Filter Include="Libraries">
      <UniqueIdentifier>{ff019b7b-aa50-4f78-bde5-bcad740c588d}</UniqueIdentifier>
    </Filter>
    <Filter Include="Resources">
      <UniqueIdentifier>{ad0cbb42-9294-4580-b947-9f7f927a6217}</UniqueIdentifier>
    </Filter>
    <Filter Include="Resources\strings_us">
      <UniqueIdentifier>{99a6e531-5e3e-4e35-b0d7-8dc9e70e00fa}</UniqueIdentifier>
    </Filter>
    <Filter Include="Resources\strings_us\dialogs">
      <UniqueIdentifier>{f8152d7c-50ea-4a83-b2f4-9d04a46cd86b}</UniqueIdentifier>
    </Filter>
    <Filter Include="Resources\dialogs">
      <UniqueIdentifier>{30486f04-8712-4c84-961d-d085aa969d0a}</UniqueIdentifier>
    </Filter>
    <Filter Include="Includes">
      <UniqueIdentifier>{076f275e-1979-47fc-961a-2365a05b3027}</UniqueIdentifier>
    </Filter>
    <Filter Include="Libraries\curl">
      <UniqueIdentifier>{bddc4a52-b1d7-4f92-9004-a82acbccf6d6}</UniqueIdentifier>
    </Filter>
    <Filter Include="Libraries\tinyxml2">
      <UniqueIdentifier>{d86999af-8e81-4c32-ab8d-25f89f6598e8}</UniqueIdentifier>
    </Filter>
    <Filter Include="Libraries\VTFLib">
      <UniqueIdentifier>{1aaf57dd-338b-4609-b560-5af310f9e0c1}</UniqueIdentifier>
    </Filter>
    <Filter Include="Resources\description">
      <UniqueIdentifier>{62c9bcd4-1218-4609-a048-03f9d6ba3f34}</UniqueIdentifier>
    </Filter>
    <Filter Include="Resources\strings_us\description">
      <UniqueIdentifier>{b56d12e7-01c7-4231-967e-5f02983b6c92}</UniqueIdentifier>
    </Filter>
  </ItemGroup>
  <ItemGroup>
    <ClInclude Include="res\c4d_symbols.h">
      <Filter>Resources</Filter>
    </ClInclude>
    <ClInclude Include="Include\AboutDialog.h">
      <Filter>Includes</Filter>
    </ClInclude>
    <ClInclude Include="Include\Globals.h">
      <Filter>Includes</Filter>
    </ClInclude>
    <ClInclude Include="Include\main.h">
      <Filter>Includes</Filter>
    </ClInclude>
    <ClInclude Include="Include\UserConfig.h">
      <Filter>Includes</Filter>
    </ClInclude>
    <ClInclude Include="Include\VTFLoaderSaver.h">
      <Filter>Includes</Filter>
    </ClInclude>
    <ClInclude Include="lib\curl\curl.h">
      <Filter>Libraries\curl</Filter>
    </ClInclude>
    <ClInclude Include="lib\curl\curlver.h">
      <Filter>Libraries\curl</Filter>
    </ClInclude>
    <ClInclude Include="lib\curl\easy.h">
      <Filter>Libraries\curl</Filter>
    </ClInclude>
    <ClInclude Include="lib\curl\mprintf.h">
      <Filter>Libraries\curl</Filter>
    </ClInclude>
    <ClInclude Include="lib\curl\multi.h">
      <Filter>Libraries\curl</Filter>
    </ClInclude>
    <ClInclude Include="lib\curl\stdcheaders.h">
      <Filter>Libraries\curl</Filter>
    </ClInclude>
    <ClInclude Include="lib\curl\system.h">
      <Filter>Libraries\curl</Filter>
    </ClInclude>
    <ClInclude Include="lib\curl\typecheck-gcc.h">
      <Filter>Libraries\curl</Filter>
    </ClInclude>
    <ClInclude Include="lib\tinyxml2\tinyxml2.h">
      <Filter>Libraries\tinyxml2</Filter>
    </ClInclude>
    <ClInclude Include="lib\VTFLib\VTFLib.h">
      <Filter>Libraries\VTFLib</Filter>
    </ClInclude>
    <ClInclude Include="res\description\fsmdloader.h">
      <Filter>Resources\description</Filter>
    </ClInclude>
    <ClInclude Include="Include\SMDLoader.h">
      <Filter>Includes</Filter>
    </ClInclude>
    <ClInclude Include="Include\stParseTools.h">
      <Filter>Includes</Filter>
    </ClInclude>
    <ClInclude Include="Include\stMath.h">
      <Filter>Includes</Filter>
    </ClInclude>
    <ClInclude Include="Include\stMem.h">
      <Filter>Includes</Filter>
    </ClInclude>
    <ClInclude Include="Include\stVMT.h">
      <Filter>Includes</Filter>
    </ClInclude>
    <ClInclude Include="Include\SourceAnimation.h">
      <Filter>Includes</Filter>
    </ClInclude>
  </ItemGroup>
  <ItemGroup>
    <None Include="res\strings_us\c4d_strings.str">
      <Filter>Resources\strings_us</Filter>
    </None>
    <None Include="res\strings_us\dialogs\ABOUTDLG.str">
      <Filter>Resources\strings_us\dialogs</Filter>
    </None>
    <None Include="res\strings_us\description\fsmdloader.str">
      <Filter>Resources\strings_us\description</Filter>
    </None>
  </ItemGroup>
  <ItemGroup>
    <Resource Include="res\dialogs\ABOUTDLG.res">
      <Filter>Resources\dialogs</Filter>
    </Resource>
    <Resource Include="res\description\fsmdloader.res">
      <Filter>Resources\description</Filter>
    </Resource>
  </ItemGroup>
  <ItemGroup>
    <ClCompile Include="Source\AboutDialog.cpp">
      <Filter>Sources</Filter>
    </ClCompile>
    <ClCompile Include="Source\main.cpp">
      <Filter>Sources</Filter>
    </ClCompile>
    <ClCompile Include="Source\UserConfig.cpp">
      <Filter>Sources</Filter>
    </ClCompile>
    <ClCompile Include="Source\VTFLoaderSaver.cpp">
      <Filter>Sources</Filter>
    </ClCompile>
    <ClCompile Include="lib\tinyxml2\tinyxml2.cpp">
      <Filter>Libraries\tinyxml2</Filter>
    </ClCompile>
    <ClCompile Include="Source\Globals.cpp">
      <Filter>Sources</Filter>
    </ClCompile>
    <ClCompile Include="Source\SMDLoader.cpp">
      <Filter>Sources</Filter>
    </ClCompile>
    <ClCompile Include="Source\stParseTools.cpp">
      <Filter>Sources</Filter>
    </ClCompile>
    <ClCompile Include="Source\stMath.cpp">
      <Filter>Sources</Filter>
    </ClCompile>
    <ClCompile Include="Source\SourceAnimation.cpp">
      <Filter>Sources</Filter>
    </ClCompile>
  </ItemGroup>
</Project>